// !$*UTF8*$!
{
	archiveVersion = 1;
	classes = {
	};
	objectVersion = 55;
	objects = {

/* Begin PBXBuildFile section */
		0BA919C586D341D5B82C5D32 /* Pods_UnbluDemo.framework in Frameworks */ = {isa = PBXBuildFile; fileRef = ACDCB672F18295C2D8ACC221 /* Pods_UnbluDemo.framework */; };
		3232402F29965BD200995CBC /* UnbluMobileCoBrowsingModule.xcframework in Frameworks */ = {isa = PBXBuildFile; fileRef = 3232402A29965BD200995CBC /* UnbluMobileCoBrowsingModule.xcframework */; };
		3232403029965BD200995CBC /* UnbluMobileCoBrowsingModule.xcframework in Embed Frameworks */ = {isa = PBXBuildFile; fileRef = 3232402A29965BD200995CBC /* UnbluMobileCoBrowsingModule.xcframework */; settings = {ATTRIBUTES = (CodeSignOnCopy, RemoveHeadersOnCopy, ); }; };
		3232403129965BD200995CBC /* UnbluCoreSDK.xcframework in Frameworks */ = {isa = PBXBuildFile; fileRef = 3232402B29965BD200995CBC /* UnbluCoreSDK.xcframework */; };
		3232403229965BD200995CBC /* UnbluCoreSDK.xcframework in Embed Frameworks */ = {isa = PBXBuildFile; fileRef = 3232402B29965BD200995CBC /* UnbluCoreSDK.xcframework */; settings = {ATTRIBUTES = (CodeSignOnCopy, RemoveHeadersOnCopy, ); }; };
		3232403729965BD300995CBC /* UnbluLiveKitCallModule.xcframework in Frameworks */ = {isa = PBXBuildFile; fileRef = 3232402E29965BD200995CBC /* UnbluLiveKitCallModule.xcframework */; };
		3232403829965BD300995CBC /* UnbluLiveKitCallModule.xcframework in Embed Frameworks */ = {isa = PBXBuildFile; fileRef = 3232402E29965BD200995CBC /* UnbluLiveKitCallModule.xcframework */; settings = {ATTRIBUTES = (CodeSignOnCopy, RemoveHeadersOnCopy, ); }; };
		3232403C2996637100995CBC /* UnbluFirebaseNotificationModule.xcframework in Frameworks */ = {isa = PBXBuildFile; fileRef = 3232402C29965BD200995CBC /* UnbluFirebaseNotificationModule.xcframework */; };
		3232403E2996642B00995CBC /* UnbluOpenTokCallModule.xcframework in Frameworks */ = {isa = PBXBuildFile; fileRef = 3232402D29965BD200995CBC /* UnbluOpenTokCallModule.xcframework */; };
		3232403F2996642B00995CBC /* UnbluOpenTokCallModule.xcframework in Embed Frameworks */ = {isa = PBXBuildFile; fileRef = 3232402D29965BD200995CBC /* UnbluOpenTokCallModule.xcframework */; settings = {ATTRIBUTES = (CodeSignOnCopy, RemoveHeadersOnCopy, ); }; };
		3232404929966D2C00995CBC /* VisitorClientDelegate.swift in Sources */ = {isa = PBXBuildFile; fileRef = 3232404829966D2C00995CBC /* VisitorClientDelegate.swift */; };
		3232404B29966DB700995CBC /* CallModuleDelegate.swift in Sources */ = {isa = PBXBuildFile; fileRef = 3232404A29966DB700995CBC /* CallModuleDelegate.swift */; };
		3232404D29966E1600995CBC /* CoBrowsingDelegate.swift in Sources */ = {isa = PBXBuildFile; fileRef = 3232404C29966E1600995CBC /* CoBrowsingDelegate.swift */; };
		323240512996859900995CBC /* FirebaseDelegate.swift in Sources */ = {isa = PBXBuildFile; fileRef = 323240502996859900995CBC /* FirebaseDelegate.swift */; };
		323240532996879400995CBC /* GoogleService-Info.plist in Resources */ = {isa = PBXBuildFile; fileRef = 323240522996879400995CBC /* GoogleService-Info.plist */; };
		323240552996E5BC00995CBC /* NotificationCenterDelegate.swift in Sources */ = {isa = PBXBuildFile; fileRef = 323240542996E5BC00995CBC /* NotificationCenterDelegate.swift */; };
		32695BE42991385900A518D9 /* UnbluDemoApp.swift in Sources */ = {isa = PBXBuildFile; fileRef = 32695BE32991385900A518D9 /* UnbluDemoApp.swift */; };
		32695BE62991385900A518D9 /* ContentView.swift in Sources */ = {isa = PBXBuildFile; fileRef = 32695BE52991385900A518D9 /* ContentView.swift */; };
		32695BE82991385A00A518D9 /* Assets.xcassets in Resources */ = {isa = PBXBuildFile; fileRef = 32695BE72991385A00A518D9 /* Assets.xcassets */; };
		32695BEB2991385A00A518D9 /* Preview Assets.xcassets in Resources */ = {isa = PBXBuildFile; fileRef = 32695BEA2991385A00A518D9 /* Preview Assets.xcassets */; };
		32695C0A29913DF800A518D9 /* AppDelegate.swift in Sources */ = {isa = PBXBuildFile; fileRef = 32695C0929913DF800A518D9 /* AppDelegate.swift */; };
/* End PBXBuildFile section */

/* Begin PBXCopyFilesBuildPhase section */
		3232403929965BD300995CBC /* Embed Frameworks */ = {
			isa = PBXCopyFilesBuildPhase;
			buildActionMask = 2147483647;
			dstPath = "";
			dstSubfolderSpec = 10;
			files = (
				3232403229965BD200995CBC /* UnbluCoreSDK.xcframework in Embed Frameworks */,
				3232403F2996642B00995CBC /* UnbluOpenTokCallModule.xcframework in Embed Frameworks */,
				3232403829965BD300995CBC /* UnbluLiveKitCallModule.xcframework in Embed Frameworks */,
				3232403029965BD200995CBC /* UnbluMobileCoBrowsingModule.xcframework in Embed Frameworks */,
			);
			name = "Embed Frameworks";
			runOnlyForDeploymentPostprocessing = 0;
		};
/* End PBXCopyFilesBuildPhase section */

/* Begin PBXFileReference section */
		3232402A29965BD200995CBC /* UnbluMobileCoBrowsingModule.xcframework */ = {isa = PBXFileReference; lastKnownFileType = wrapper.xcframework; name = UnbluMobileCoBrowsingModule.xcframework; path = libs/UnbluMobileCoBrowsingModule.xcframework; sourceTree = "<group>"; };
		3232402B29965BD200995CBC /* UnbluCoreSDK.xcframework */ = {isa = PBXFileReference; lastKnownFileType = wrapper.xcframework; name = UnbluCoreSDK.xcframework; path = libs/UnbluCoreSDK.xcframework; sourceTree = "<group>"; };
		3232402C29965BD200995CBC /* UnbluFirebaseNotificationModule.xcframework */ = {isa = PBXFileReference; lastKnownFileType = wrapper.xcframework; name = UnbluFirebaseNotificationModule.xcframework; path = libs/UnbluFirebaseNotificationModule.xcframework; sourceTree = "<group>"; };
		3232402D29965BD200995CBC /* UnbluOpenTokCallModule.xcframework */ = {isa = PBXFileReference; lastKnownFileType = wrapper.xcframework; name = UnbluOpenTokCallModule.xcframework; path = libs/UnbluOpenTokCallModule.xcframework; sourceTree = "<group>"; };
		3232402E29965BD200995CBC /* UnbluLiveKitCallModule.xcframework */ = {isa = PBXFileReference; lastKnownFileType = wrapper.xcframework; name = UnbluLiveKitCallModule.xcframework; path = libs/UnbluLiveKitCallModule.xcframework; sourceTree = "<group>"; };
		3232404829966D2C00995CBC /* VisitorClientDelegate.swift */ = {isa = PBXFileReference; lastKnownFileType = sourcecode.swift; path = VisitorClientDelegate.swift; sourceTree = "<group>"; };
		3232404A29966DB700995CBC /* CallModuleDelegate.swift */ = {isa = PBXFileReference; lastKnownFileType = sourcecode.swift; path = CallModuleDelegate.swift; sourceTree = "<group>"; };
		3232404C29966E1600995CBC /* CoBrowsingDelegate.swift */ = {isa = PBXFileReference; lastKnownFileType = sourcecode.swift; path = CoBrowsingDelegate.swift; sourceTree = "<group>"; };
		3232404E2996813200995CBC /* UnbluDemo.entitlements */ = {isa = PBXFileReference; lastKnownFileType = text.plist.entitlements; path = UnbluDemo.entitlements; sourceTree = "<group>"; };
		3232404F2996814400995CBC /* Info.plist */ = {isa = PBXFileReference; lastKnownFileType = text.plist; path = Info.plist; sourceTree = "<group>"; };
		323240502996859900995CBC /* FirebaseDelegate.swift */ = {isa = PBXFileReference; lastKnownFileType = sourcecode.swift; path = FirebaseDelegate.swift; sourceTree = "<group>"; };
		323240522996879400995CBC /* GoogleService-Info.plist */ = {isa = PBXFileReference; fileEncoding = 4; lastKnownFileType = text.plist.xml; path = "GoogleService-Info.plist"; sourceTree = "<group>"; };
		323240542996E5BC00995CBC /* NotificationCenterDelegate.swift */ = {isa = PBXFileReference; lastKnownFileType = sourcecode.swift; path = NotificationCenterDelegate.swift; sourceTree = "<group>"; };
		32695BE02991385900A518D9 /* UnbluDemo.app */ = {isa = PBXFileReference; explicitFileType = wrapper.application; includeInIndex = 0; path = UnbluDemo.app; sourceTree = BUILT_PRODUCTS_DIR; };
		32695BE32991385900A518D9 /* UnbluDemoApp.swift */ = {isa = PBXFileReference; lastKnownFileType = sourcecode.swift; path = UnbluDemoApp.swift; sourceTree = "<group>"; };
		32695BE52991385900A518D9 /* ContentView.swift */ = {isa = PBXFileReference; lastKnownFileType = sourcecode.swift; path = ContentView.swift; sourceTree = "<group>"; };
		32695BE72991385A00A518D9 /* Assets.xcassets */ = {isa = PBXFileReference; lastKnownFileType = folder.assetcatalog; path = Assets.xcassets; sourceTree = "<group>"; };
		32695BEA2991385A00A518D9 /* Preview Assets.xcassets */ = {isa = PBXFileReference; lastKnownFileType = folder.assetcatalog; path = "Preview Assets.xcassets"; sourceTree = "<group>"; };
		32695C0929913DF800A518D9 /* AppDelegate.swift */ = {isa = PBXFileReference; lastKnownFileType = sourcecode.swift; path = AppDelegate.swift; sourceTree = "<group>"; };
		5B84F65527960CBA0983A1FC /* Pods-UnbluDemo.debug.xcconfig */ = {isa = PBXFileReference; includeInIndex = 1; lastKnownFileType = text.xcconfig; name = "Pods-UnbluDemo.debug.xcconfig"; path = "Target Support Files/Pods-UnbluDemo/Pods-UnbluDemo.debug.xcconfig"; sourceTree = "<group>"; };
		ACDCB672F18295C2D8ACC221 /* Pods_UnbluDemo.framework */ = {isa = PBXFileReference; explicitFileType = wrapper.framework; includeInIndex = 0; path = Pods_UnbluDemo.framework; sourceTree = BUILT_PRODUCTS_DIR; };
		F71EA467D7AC56701D7B1B06 /* Pods-UnbluDemo.release.xcconfig */ = {isa = PBXFileReference; includeInIndex = 1; lastKnownFileType = text.xcconfig; name = "Pods-UnbluDemo.release.xcconfig"; path = "Target Support Files/Pods-UnbluDemo/Pods-UnbluDemo.release.xcconfig"; sourceTree = "<group>"; };
/* End PBXFileReference section */

/* Begin PBXFrameworksBuildPhase section */
		32695BDD2991385900A518D9 /* Frameworks */ = {
			isa = PBXFrameworksBuildPhase;
			buildActionMask = 2147483647;
			files = (
				3232403C2996637100995CBC /* UnbluFirebaseNotificationModule.xcframework in Frameworks */,
				3232403E2996642B00995CBC /* UnbluOpenTokCallModule.xcframework in Frameworks */,
				3232403129965BD200995CBC /* UnbluCoreSDK.xcframework in Frameworks */,
				0BA919C586D341D5B82C5D32 /* Pods_UnbluDemo.framework in Frameworks */,
				3232403729965BD300995CBC /* UnbluLiveKitCallModule.xcframework in Frameworks */,
				3232402F29965BD200995CBC /* UnbluMobileCoBrowsingModule.xcframework in Frameworks */,
			);
			runOnlyForDeploymentPostprocessing = 0;
		};
/* End PBXFrameworksBuildPhase section */

/* Begin PBXGroup section */
		08DD9573A421E810814B3A7E /* Frameworks */ = {
			isa = PBXGroup;
			children = (
				3232402B29965BD200995CBC /* UnbluCoreSDK.xcframework */,
				3232402C29965BD200995CBC /* UnbluFirebaseNotificationModule.xcframework */,
				3232402E29965BD200995CBC /* UnbluLiveKitCallModule.xcframework */,
				3232402A29965BD200995CBC /* UnbluMobileCoBrowsingModule.xcframework */,
				3232402D29965BD200995CBC /* UnbluOpenTokCallModule.xcframework */,
				ACDCB672F18295C2D8ACC221 /* Pods_UnbluDemo.framework */,
			);
			name = Frameworks;
			sourceTree = "<group>";
		};
		32695BD72991385800A518D9 = {
			isa = PBXGroup;
			children = (
				32695BE22991385900A518D9 /* UnbluDemo */,
				32695BE12991385900A518D9 /* Products */,
				E62399D01C2149F6FC6A42DC /* Pods */,
				08DD9573A421E810814B3A7E /* Frameworks */,
			);
			sourceTree = "<group>";
		};
		32695BE12991385900A518D9 /* Products */ = {
			isa = PBXGroup;
			children = (
				32695BE02991385900A518D9 /* UnbluDemo.app */,
			);
			name = Products;
			sourceTree = "<group>";
		};
		32695BE22991385900A518D9 /* UnbluDemo */ = {
			isa = PBXGroup;
			children = (
				323240522996879400995CBC /* GoogleService-Info.plist */,
				3232404F2996814400995CBC /* Info.plist */,
				3232404E2996813200995CBC /* UnbluDemo.entitlements */,
				32695BE32991385900A518D9 /* UnbluDemoApp.swift */,
				32695BE52991385900A518D9 /* ContentView.swift */,
				32695BE72991385A00A518D9 /* Assets.xcassets */,
				32695BE92991385A00A518D9 /* Preview Content */,
				32695C0929913DF800A518D9 /* AppDelegate.swift */,
				323240502996859900995CBC /* FirebaseDelegate.swift */,
				323240542996E5BC00995CBC /* NotificationCenterDelegate.swift */,
				3232404829966D2C00995CBC /* VisitorClientDelegate.swift */,
				3232404A29966DB700995CBC /* CallModuleDelegate.swift */,
				3232404C29966E1600995CBC /* CoBrowsingDelegate.swift */,
			);
			path = UnbluDemo;
			sourceTree = "<group>";
		};
		32695BE92991385A00A518D9 /* Preview Content */ = {
			isa = PBXGroup;
			children = (
				32695BEA2991385A00A518D9 /* Preview Assets.xcassets */,
			);
			path = "Preview Content";
			sourceTree = "<group>";
		};
		E62399D01C2149F6FC6A42DC /* Pods */ = {
			isa = PBXGroup;
			children = (
				5B84F65527960CBA0983A1FC /* Pods-UnbluDemo.debug.xcconfig */,
				F71EA467D7AC56701D7B1B06 /* Pods-UnbluDemo.release.xcconfig */,
			);
			path = Pods;
			sourceTree = "<group>";
		};
/* End PBXGroup section */

/* Begin PBXNativeTarget section */
		32695BDF2991385900A518D9 /* UnbluDemo */ = {
			isa = PBXNativeTarget;
			buildConfigurationList = 32695BEE2991385A00A518D9 /* Build configuration list for PBXNativeTarget "UnbluDemo" */;
			buildPhases = (
				0D38DB1075DDC72E9E4E849E /* [CP] Check Pods Manifest.lock */,
				32695BDC2991385900A518D9 /* Sources */,
				32695BDD2991385900A518D9 /* Frameworks */,
				32695BDE2991385900A518D9 /* Resources */,
				9431F225C9DFC9D408A62842 /* [CP] Embed Pods Frameworks */,
				3232403929965BD300995CBC /* Embed Frameworks */,
			);
			buildRules = (
			);
			dependencies = (
			);
			name = UnbluDemo;
			productName = UnbluDemo;
			productReference = 32695BE02991385900A518D9 /* UnbluDemo.app */;
			productType = "com.apple.product-type.application";
		};
/* End PBXNativeTarget section */

/* Begin PBXProject section */
		32695BD82991385800A518D9 /* Project object */ = {
			isa = PBXProject;
			attributes = {
				BuildIndependentTargetsInParallel = 1;
				LastSwiftUpdateCheck = 1420;
				LastUpgradeCheck = 1420;
				TargetAttributes = {
					32695BDF2991385900A518D9 = {
						CreatedOnToolsVersion = 14.2;
					};
				};
			};
			buildConfigurationList = 32695BDB2991385800A518D9 /* Build configuration list for PBXProject "UnbluDemo" */;
			compatibilityVersion = "Xcode 13.0";
			developmentRegion = en;
			hasScannedForEncodings = 0;
			knownRegions = (
				en,
				Base,
			);
			mainGroup = 32695BD72991385800A518D9;
			productRefGroup = 32695BE12991385900A518D9 /* Products */;
			projectDirPath = "";
			projectRoot = "";
			targets = (
				32695BDF2991385900A518D9 /* UnbluDemo */,
			);
		};
/* End PBXProject section */

/* Begin PBXResourcesBuildPhase section */
		32695BDE2991385900A518D9 /* Resources */ = {
			isa = PBXResourcesBuildPhase;
			buildActionMask = 2147483647;
			files = (
				323240532996879400995CBC /* GoogleService-Info.plist in Resources */,
				32695BEB2991385A00A518D9 /* Preview Assets.xcassets in Resources */,
				32695BE82991385A00A518D9 /* Assets.xcassets in Resources */,
			);
			runOnlyForDeploymentPostprocessing = 0;
		};
/* End PBXResourcesBuildPhase section */

/* Begin PBXShellScriptBuildPhase section */
		0D38DB1075DDC72E9E4E849E /* [CP] Check Pods Manifest.lock */ = {
			isa = PBXShellScriptBuildPhase;
			buildActionMask = 2147483647;
			files = (
			);
			inputFileListPaths = (
			);
			inputPaths = (
				"${PODS_PODFILE_DIR_PATH}/Podfile.lock",
				"${PODS_ROOT}/Manifest.lock",
			);
			name = "[CP] Check Pods Manifest.lock";
			outputFileListPaths = (
			);
			outputPaths = (
				"$(DERIVED_FILE_DIR)/Pods-UnbluDemo-checkManifestLockResult.txt",
			);
			runOnlyForDeploymentPostprocessing = 0;
			shellPath = /bin/sh;
			shellScript = "diff \"${PODS_PODFILE_DIR_PATH}/Podfile.lock\" \"${PODS_ROOT}/Manifest.lock\" > /dev/null\nif [ $? != 0 ] ; then\n    # print error to STDERR\n    echo \"error: The sandbox is not in sync with the Podfile.lock. Run 'pod install' or update your CocoaPods installation.\" >&2\n    exit 1\nfi\n# This output is used by Xcode 'outputs' to avoid re-running this script phase.\necho \"SUCCESS\" > \"${SCRIPT_OUTPUT_FILE_0}\"\n";
			showEnvVarsInLog = 0;
		};
		9431F225C9DFC9D408A62842 /* [CP] Embed Pods Frameworks */ = {
			isa = PBXShellScriptBuildPhase;
			buildActionMask = 2147483647;
			files = (
			);
			inputFileListPaths = (
				"${PODS_ROOT}/Target Support Files/Pods-UnbluDemo/Pods-UnbluDemo-frameworks-${CONFIGURATION}-input-files.xcfilelist",
			);
			name = "[CP] Embed Pods Frameworks";
			outputFileListPaths = (
				"${PODS_ROOT}/Target Support Files/Pods-UnbluDemo/Pods-UnbluDemo-frameworks-${CONFIGURATION}-output-files.xcfilelist",
			);
			runOnlyForDeploymentPostprocessing = 0;
			shellPath = /bin/sh;
			shellScript = "\"${PODS_ROOT}/Target Support Files/Pods-UnbluDemo/Pods-UnbluDemo-frameworks.sh\"\n";
			showEnvVarsInLog = 0;
		};
/* End PBXShellScriptBuildPhase section */

/* Begin PBXSourcesBuildPhase section */
		32695BDC2991385900A518D9 /* Sources */ = {
			isa = PBXSourcesBuildPhase;
			buildActionMask = 2147483647;
			files = (
				3232404B29966DB700995CBC /* CallModuleDelegate.swift in Sources */,
				3232404929966D2C00995CBC /* VisitorClientDelegate.swift in Sources */,
				32695C0A29913DF800A518D9 /* AppDelegate.swift in Sources */,
				3232404D29966E1600995CBC /* CoBrowsingDelegate.swift in Sources */,
				323240552996E5BC00995CBC /* NotificationCenterDelegate.swift in Sources */,
				32695BE62991385900A518D9 /* ContentView.swift in Sources */,
				32695BE42991385900A518D9 /* UnbluDemoApp.swift in Sources */,
				323240512996859900995CBC /* FirebaseDelegate.swift in Sources */,
			);
			runOnlyForDeploymentPostprocessing = 0;
		};
/* End PBXSourcesBuildPhase section */

/* Begin XCBuildConfiguration section */
		32695BEC2991385A00A518D9 /* Debug */ = {
			isa = XCBuildConfiguration;
			buildSettings = {
				ALWAYS_SEARCH_USER_PATHS = NO;
				CLANG_ANALYZER_NONNULL = YES;
				CLANG_ANALYZER_NUMBER_OBJECT_CONVERSION = YES_AGGRESSIVE;
				CLANG_CXX_LANGUAGE_STANDARD = "gnu++20";
				CLANG_ENABLE_MODULES = YES;
				CLANG_ENABLE_OBJC_ARC = YES;
				CLANG_ENABLE_OBJC_WEAK = YES;
				CLANG_WARN_BLOCK_CAPTURE_AUTORELEASING = YES;
				CLANG_WARN_BOOL_CONVERSION = YES;
				CLANG_WARN_COMMA = YES;
				CLANG_WARN_CONSTANT_CONVERSION = YES;
				CLANG_WARN_DEPRECATED_OBJC_IMPLEMENTATIONS = YES;
				CLANG_WARN_DIRECT_OBJC_ISA_USAGE = YES_ERROR;
				CLANG_WARN_DOCUMENTATION_COMMENTS = YES;
				CLANG_WARN_EMPTY_BODY = YES;
				CLANG_WARN_ENUM_CONVERSION = YES;
				CLANG_WARN_INFINITE_RECURSION = YES;
				CLANG_WARN_INT_CONVERSION = YES;
				CLANG_WARN_NON_LITERAL_NULL_CONVERSION = YES;
				CLANG_WARN_OBJC_IMPLICIT_RETAIN_SELF = YES;
				CLANG_WARN_OBJC_LITERAL_CONVERSION = YES;
				CLANG_WARN_OBJC_ROOT_CLASS = YES_ERROR;
				CLANG_WARN_QUOTED_INCLUDE_IN_FRAMEWORK_HEADER = YES;
				CLANG_WARN_RANGE_LOOP_ANALYSIS = YES;
				CLANG_WARN_STRICT_PROTOTYPES = YES;
				CLANG_WARN_SUSPICIOUS_MOVE = YES;
				CLANG_WARN_UNGUARDED_AVAILABILITY = YES_AGGRESSIVE;
				CLANG_WARN_UNREACHABLE_CODE = YES;
				CLANG_WARN__DUPLICATE_METHOD_MATCH = YES;
				COPY_PHASE_STRIP = NO;
				DEBUG_INFORMATION_FORMAT = dwarf;
				ENABLE_STRICT_OBJC_MSGSEND = YES;
				ENABLE_TESTABILITY = YES;
				GCC_C_LANGUAGE_STANDARD = gnu11;
				GCC_DYNAMIC_NO_PIC = NO;
				GCC_NO_COMMON_BLOCKS = YES;
				GCC_OPTIMIZATION_LEVEL = 0;
				GCC_PREPROCESSOR_DEFINITIONS = (
					"DEBUG=1",
					"$(inherited)",
				);
				GCC_WARN_64_TO_32_BIT_CONVERSION = YES;
				GCC_WARN_ABOUT_RETURN_TYPE = YES_ERROR;
				GCC_WARN_UNDECLARED_SELECTOR = YES;
				GCC_WARN_UNINITIALIZED_AUTOS = YES_AGGRESSIVE;
				GCC_WARN_UNUSED_FUNCTION = YES;
				GCC_WARN_UNUSED_VARIABLE = YES;
				IPHONEOS_DEPLOYMENT_TARGET = 16.2;
				MTL_ENABLE_DEBUG_INFO = INCLUDE_SOURCE;
				MTL_FAST_MATH = YES;
				ONLY_ACTIVE_ARCH = YES;
				SDKROOT = iphoneos;
				SWIFT_ACTIVE_COMPILATION_CONDITIONS = DEBUG;
				SWIFT_OPTIMIZATION_LEVEL = "-Onone";
			};
			name = Debug;
		};
		32695BED2991385A00A518D9 /* Release */ = {
			isa = XCBuildConfiguration;
			buildSettings = {
				ALWAYS_SEARCH_USER_PATHS = NO;
				CLANG_ANALYZER_NONNULL = YES;
				CLANG_ANALYZER_NUMBER_OBJECT_CONVERSION = YES_AGGRESSIVE;
				CLANG_CXX_LANGUAGE_STANDARD = "gnu++20";
				CLANG_ENABLE_MODULES = YES;
				CLANG_ENABLE_OBJC_ARC = YES;
				CLANG_ENABLE_OBJC_WEAK = YES;
				CLANG_WARN_BLOCK_CAPTURE_AUTORELEASING = YES;
				CLANG_WARN_BOOL_CONVERSION = YES;
				CLANG_WARN_COMMA = YES;
				CLANG_WARN_CONSTANT_CONVERSION = YES;
				CLANG_WARN_DEPRECATED_OBJC_IMPLEMENTATIONS = YES;
				CLANG_WARN_DIRECT_OBJC_ISA_USAGE = YES_ERROR;
				CLANG_WARN_DOCUMENTATION_COMMENTS = YES;
				CLANG_WARN_EMPTY_BODY = YES;
				CLANG_WARN_ENUM_CONVERSION = YES;
				CLANG_WARN_INFINITE_RECURSION = YES;
				CLANG_WARN_INT_CONVERSION = YES;
				CLANG_WARN_NON_LITERAL_NULL_CONVERSION = YES;
				CLANG_WARN_OBJC_IMPLICIT_RETAIN_SELF = YES;
				CLANG_WARN_OBJC_LITERAL_CONVERSION = YES;
				CLANG_WARN_OBJC_ROOT_CLASS = YES_ERROR;
				CLANG_WARN_QUOTED_INCLUDE_IN_FRAMEWORK_HEADER = YES;
				CLANG_WARN_RANGE_LOOP_ANALYSIS = YES;
				CLANG_WARN_STRICT_PROTOTYPES = YES;
				CLANG_WARN_SUSPICIOUS_MOVE = YES;
				CLANG_WARN_UNGUARDED_AVAILABILITY = YES_AGGRESSIVE;
				CLANG_WARN_UNREACHABLE_CODE = YES;
				CLANG_WARN__DUPLICATE_METHOD_MATCH = YES;
				COPY_PHASE_STRIP = NO;
				DEBUG_INFORMATION_FORMAT = "dwarf-with-dsym";
				ENABLE_NS_ASSERTIONS = NO;
				ENABLE_STRICT_OBJC_MSGSEND = YES;
				GCC_C_LANGUAGE_STANDARD = gnu11;
				GCC_NO_COMMON_BLOCKS = YES;
				GCC_WARN_64_TO_32_BIT_CONVERSION = YES;
				GCC_WARN_ABOUT_RETURN_TYPE = YES_ERROR;
				GCC_WARN_UNDECLARED_SELECTOR = YES;
				GCC_WARN_UNINITIALIZED_AUTOS = YES_AGGRESSIVE;
				GCC_WARN_UNUSED_FUNCTION = YES;
				GCC_WARN_UNUSED_VARIABLE = YES;
				IPHONEOS_DEPLOYMENT_TARGET = 16.2;
				MTL_ENABLE_DEBUG_INFO = NO;
				MTL_FAST_MATH = YES;
				SDKROOT = iphoneos;
				SWIFT_COMPILATION_MODE = wholemodule;
				SWIFT_OPTIMIZATION_LEVEL = "-O";
				VALIDATE_PRODUCT = YES;
			};
			name = Release;
		};
		32695BEF2991385A00A518D9 /* Debug */ = {
			isa = XCBuildConfiguration;
			baseConfigurationReference = 5B84F65527960CBA0983A1FC /* Pods-UnbluDemo.debug.xcconfig */;
			buildSettings = {
				ASSETCATALOG_COMPILER_APPICON_NAME = AppIcon;
				ASSETCATALOG_COMPILER_GLOBAL_ACCENT_COLOR_NAME = AccentColor;
				CODE_SIGN_ENTITLEMENTS = UnbluDemo/UnbluDemo.entitlements;
				CODE_SIGN_STYLE = Automatic;
				CURRENT_PROJECT_VERSION = 15;
				DEVELOPMENT_ASSET_PATHS = "\"UnbluDemo/Preview Content\"";
				DEVELOPMENT_TEAM = A8Q2RF48P3;
				ENABLE_PREVIEWS = YES;
				GENERATE_INFOPLIST_FILE = YES;
				INFOPLIST_FILE = UnbluDemo/Info.plist;
				INFOPLIST_KEY_UIApplicationSceneManifest_Generation = YES;
				INFOPLIST_KEY_UIApplicationSupportsIndirectInputEvents = YES;
				INFOPLIST_KEY_UILaunchScreen_Generation = YES;
				INFOPLIST_KEY_UISupportedInterfaceOrientations_iPad = "UIInterfaceOrientationPortrait UIInterfaceOrientationPortraitUpsideDown UIInterfaceOrientationLandscapeLeft UIInterfaceOrientationLandscapeRight";
				INFOPLIST_KEY_UISupportedInterfaceOrientations_iPhone = "UIInterfaceOrientationPortrait UIInterfaceOrientationLandscapeLeft UIInterfaceOrientationLandscapeRight";
				IPHONEOS_DEPLOYMENT_TARGET = 15;
				LD_RUNPATH_SEARCH_PATHS = (
					"$(inherited)",
					"@executable_path/Frameworks",
				);
				MARKETING_VERSION = 1.0;
				PRODUCT_BUNDLE_IDENTIFIER = com.unblu.prototype.UnbluDemo;
				PRODUCT_NAME = "$(TARGET_NAME)";
				SWIFT_EMIT_LOC_STRINGS = YES;
				SWIFT_VERSION = 5.0;
				TARGETED_DEVICE_FAMILY = "1,2";
			};
			name = Debug;
		};
		32695BF02991385A00A518D9 /* Release */ = {
			isa = XCBuildConfiguration;
			baseConfigurationReference = F71EA467D7AC56701D7B1B06 /* Pods-UnbluDemo.release.xcconfig */;
			buildSettings = {
				ASSETCATALOG_COMPILER_APPICON_NAME = AppIcon;
				ASSETCATALOG_COMPILER_GLOBAL_ACCENT_COLOR_NAME = AccentColor;
				CODE_SIGN_ENTITLEMENTS = UnbluDemo/UnbluDemo.entitlements;
				CODE_SIGN_STYLE = Automatic;
				CURRENT_PROJECT_VERSION = 15;
				DEVELOPMENT_ASSET_PATHS = "\"UnbluDemo/Preview Content\"";
				DEVELOPMENT_TEAM = A8Q2RF48P3;
				ENABLE_PREVIEWS = YES;
				GENERATE_INFOPLIST_FILE = YES;
				INFOPLIST_FILE = UnbluDemo/Info.plist;
				INFOPLIST_KEY_UIApplicationSceneManifest_Generation = YES;
				INFOPLIST_KEY_UIApplicationSupportsIndirectInputEvents = YES;
				INFOPLIST_KEY_UILaunchScreen_Generation = YES;
				INFOPLIST_KEY_UISupportedInterfaceOrientations_iPad = "UIInterfaceOrientationPortrait UIInterfaceOrientationPortraitUpsideDown UIInterfaceOrientationLandscapeLeft UIInterfaceOrientationLandscapeRight";
				INFOPLIST_KEY_UISupportedInterfaceOrientations_iPhone = "UIInterfaceOrientationPortrait UIInterfaceOrientationLandscapeLeft UIInterfaceOrientationLandscapeRight";
				IPHONEOS_DEPLOYMENT_TARGET = 15;
				LD_RUNPATH_SEARCH_PATHS = (
					"$(inherited)",
					"@executable_path/Frameworks",
				);
				MARKETING_VERSION = 1.0;
				PRODUCT_BUNDLE_IDENTIFIER = com.unblu.prototype.UnbluDemo;
				PRODUCT_NAME = "$(TARGET_NAME)";
				SWIFT_EMIT_LOC_STRINGS = YES;
				SWIFT_VERSION = 5.0;
				TARGETED_DEVICE_FAMILY = "1,2";
			};
			name = Release;
		};
/* End XCBuildConfiguration section */

/* Begin XCConfigurationList section */
		32695BDB2991385800A518D9 /* Build configuration list for PBXProject "UnbluDemo" */ = {
			isa = XCConfigurationList;
			buildConfigurations = (
				32695BEC2991385A00A518D9 /* Debug */,
				32695BED2991385A00A518D9 /* Release */,
			);
			defaultConfigurationIsVisible = 0;
			defaultConfigurationName = Release;
		};
		32695BEE2991385A00A518D9 /* Build configuration list for PBXNativeTarget "UnbluDemo" */ = {
			isa = XCConfigurationList;
			buildConfigurations = (
				32695BEF2991385A00A518D9 /* Debug */,
				32695BF02991385A00A518D9 /* Release */,
			);
			defaultConfigurationIsVisible = 0;
			defaultConfigurationName = Release;
		};
/* End XCConfigurationList section */
	};
	rootObject = 32695BD82991385800A518D9 /* Project object */;
}
